
Microsoft Visual Studio Solution File, Format Version 12.00
# Visual Studio Version 17
VisualStudioVersion = 17.5.002.0
MinimumVisualStudioVersion = 10.0.40219.1
Project("{9A19103F-16F7-4668-BE54-9A1E7A4F7556}") = "CleanArchWithCQRSandMediator.Application", "CleanArchWithCQRSandMediator.Application.csproj", "{2FAE2495-DFB0-498E-8ACA-EAFF194C0E5E}"
EndProject
Global
	GlobalSection(SolutionConfigurationPlatforms) = preSolution
		Debug|Any CPU = Debug|Any CPU
		Release|Any CPU = Release|Any CPU
	EndGlobalSection
	GlobalSection(ProjectConfigurationPlatforms) = postSolution
		{2FAE2495-DFB0-498E-8ACA-EAFF194C0E5E}.Debug|Any CPU.ActiveCfg = Debug|Any CPU
		{2FAE2495-DFB0-498E-8ACA-EAFF194C0E5E}.Debug|Any CPU.Build.0 = Debug|Any CPU
		{2FAE2495-DFB0-498E-8ACA-EAFF194C0E5E}.Release|Any CPU.ActiveCfg = Release|Any CPU
		{2FAE2495-DFB0-498E-8ACA-EAFF194C0E5E}.Release|Any CPU.Build.0 = Release|Any CPU
	EndGlobalSection
	GlobalSection(SolutionProperties) = preSolution
		HideSolutionNode = FALSE
	EndGlobalSection
	GlobalSection(ExtensibilityGlobals) = postSolution
		SolutionGuid = {E89E4140-8E2A-4170-8C9A-0D89A77CD4D1}
	EndGlobalSection
EndGlobal
